{
  "version": 4,
  "terraform_version": "1.12.0",
  "serial": 650,
  "lineage": "fb6ab97a-61db-2d1a-c381-276a094ee7fe",
  "outputs": {},
  "resources": [
    {
      "mode": "data",
      "type": "aws_security_group",
      "name": "default_sec_grp",
      "provider": "provider[\"registry.terraform.io/hashicorp/aws\"]",
      "instances": [
        {
          "schema_version": 0,
          "attributes": {
            "arn": "arn:aws:ec2:us-east-1:468406663760:security-group/sg-0c5821349a262256e",
            "description": "default VPC security group",
            "filter": null,
            "id": "sg-0c5821349a262256e",
            "name": "default",
            "tags": {
              "Name": "default-sg"
            },
            "timeouts": null,
            "vpc_id": "vpc-0c1080e22e4127001"
          },
          "sensitive_attributes": [],
          "identity_schema_version": 0
        }
      ]
    },
    {
      "mode": "data",
      "type": "aws_subnets",
      "name": "default_subnets",
      "provider": "provider[\"registry.terraform.io/hashicorp/aws\"]",
      "instances": [
        {
          "schema_version": 0,
          "attributes": {
            "filter": [
              {
                "name": "vpc-id",
                "values": [
                  "vpc-0c1080e22e4127001"
                ]
              }
            ],
            "id": "us-east-1",
            "ids": [
              "subnet-0dfc47d4904958e09",
              "subnet-0333991ee11a18146",
              "subnet-0bfc6c222a1e971cf",
              "subnet-04ed53ae50ff51dea",
              "subnet-0f70e0e2a29b6e553",
              "subnet-0d6bbda4f4d0f6285"
            ],
            "tags": null,
            "timeouts": null
          },
          "sensitive_attributes": [],
          "identity_schema_version": 0
        }
      ]
    },
    {
      "mode": "data",
      "type": "aws_vpc",
      "name": "default_vpc",
      "provider": "provider[\"registry.terraform.io/hashicorp/aws\"]",
      "instances": [
        {
          "schema_version": 0,
          "attributes": {
            "arn": "arn:aws:ec2:us-east-1:468406663760:vpc/vpc-0c1080e22e4127001",
            "cidr_block": "172.31.0.0/16",
            "cidr_block_associations": [
              {
                "association_id": "vpc-cidr-assoc-0c2b3fedc86dcf06a",
                "cidr_block": "172.31.0.0/16",
                "state": "associated"
              }
            ],
            "default": true,
            "dhcp_options_id": "dopt-0c70fdfcd99f13bdd",
            "enable_dns_hostnames": true,
            "enable_dns_support": true,
            "enable_network_address_usage_metrics": false,
            "filter": null,
            "id": "vpc-0c1080e22e4127001",
            "instance_tenancy": "default",
            "ipv6_association_id": "",
            "ipv6_cidr_block": "",
            "main_route_table_id": "rtb-06edbf7d184bb2fc9",
            "owner_id": "468406663760",
            "state": null,
            "tags": {},
            "timeouts": null
          },
          "sensitive_attributes": [],
          "identity_schema_version": 0
        }
      ]
    },
    {
      "module": "module.ecs_cluster_back",
      "mode": "managed",
      "type": "aws_autoscaling_group",
      "name": "ecs_asg",
      "provider": "provider[\"registry.terraform.io/hashicorp/aws\"]",
      "instances": [
        {
          "schema_version": 0,
          "attributes": {
            "arn": "arn:aws:autoscaling:us-east-1:468406663760:autoScalingGroup:05a1dc54-664d-4ab7-b9ff-3b0aa9939f16:autoScalingGroupName/ecs-asg-back",
            "availability_zones": [
              "us-east-1a",
              "us-east-1b",
              "us-east-1c",
              "us-east-1d",
              "us-east-1e",
              "us-east-1f"
            ],
            "capacity_rebalance": false,
            "context": "",
            "default_cooldown": 300,
            "default_instance_warmup": 0,
            "desired_capacity": 1,
            "desired_capacity_type": "",
            "enabled_metrics": null,
            "force_delete": false,
            "force_delete_warm_pool": false,
            "health_check_grace_period": 300,
            "health_check_type": "EC2",
            "id": "ecs-asg-back",
            "initial_lifecycle_hook": [],
            "instance_refresh": [],
            "launch_configuration": "",
            "launch_template": [
              {
                "id": "lt-0a8c18c11c9ed0998",
                "name": "ecs-launch-template-back20250518193047353700000003",
                "version": "$Latest"
              }
            ],
            "load_balancers": null,
            "max_instance_lifetime": 0,
            "max_size": 1,
            "metrics_granularity": "1Minute",
            "min_elb_capacity": null,
            "min_size": 1,
            "mixed_instances_policy": [],
            "name": "ecs-asg-back",
            "name_prefix": "",
            "placement_group": "",
            "predicted_capacity": 0,
            "protect_from_scale_in": false,
            "service_linked_role_arn": "arn:aws:iam::468406663760:role/aws-service-role/autoscaling.amazonaws.com/AWSServiceRoleForAutoScaling",
            "suspended_processes": null,
            "tag": [
              {
                "key": "AmazonECSManaged",
                "propagate_at_launch": true,
                "value": ""
              },
              {
                "key": "Name",
                "propagate_at_launch": true,
                "value": "ecs-instance-back"
              }
            ],
            "tags": null,
            "target_group_arns": null,
            "termination_policies": null,
            "timeouts": null,
            "vpc_zone_identifier": [
              "subnet-0333991ee11a18146",
              "subnet-04ed53ae50ff51dea",
              "subnet-0bfc6c222a1e971cf",
              "subnet-0d6bbda4f4d0f6285",
              "subnet-0dfc47d4904958e09",
              "subnet-0f70e0e2a29b6e553"
            ],
            "wait_for_capacity_timeout": "10m",
            "wait_for_elb_capacity": null,
            "warm_pool": [],
            "warm_pool_size": 0
          },
          "sensitive_attributes": [],
          "identity_schema_version": 0,
          "private": "eyJlMmJmYjczMC1lY2FhLTExZTYtOGY4OC0zNDM2M2JjN2M0YzAiOnsiZGVsZXRlIjo2MDAwMDAwMDAwMDAsInVwZGF0ZSI6NjAwMDAwMDAwMDAwfX0=",
          "dependencies": [
            "data.aws_security_group.default_sec_grp",
            "data.aws_subnets.default_subnets",
            "data.aws_vpc.default_vpc",
            "module.ecs_cluster_back.aws_launch_template.ecs_instance_template"
          ]
        }
      ]
    },
    {
      "module": "module.ecs_cluster_back",
      "mode": "managed",
      "type": "aws_ecs_capacity_provider",
      "name": "custom_cp",
      "provider": "provider[\"registry.terraform.io/hashicorp/aws\"]",
      "instances": [
        {
          "schema_version": 0,
          "attributes": {
            "arn": "arn:aws:ecs:us-east-1:468406663760:capacity-provider/back-capacity-provider",
            "auto_scaling_group_provider": [
              {
                "auto_scaling_group_arn": "arn:aws:autoscaling:us-east-1:468406663760:autoScalingGroup:05a1dc54-664d-4ab7-b9ff-3b0aa9939f16:autoScalingGroupName/ecs-asg-back",
                "managed_scaling": [
                  {
                    "instance_warmup_period": 300,
                    "maximum_scaling_step_size": 10000,
                    "minimum_scaling_step_size": 1,
                    "status": "ENABLED",
                    "target_capacity": 100
                  }
                ],
                "managed_termination_protection": "DISABLED"
              }
            ],
            "id": "arn:aws:ecs:us-east-1:468406663760:capacity-provider/back-capacity-provider",
            "name": "back-capacity-provider",
            "tags": null,
            "tags_all": {}
          },
          "sensitive_attributes": [],
          "identity_schema_version": 0,
          "private": "bnVsbA==",
          "dependencies": [
            "data.aws_security_group.default_sec_grp",
            "data.aws_subnets.default_subnets",
            "data.aws_vpc.default_vpc",
            "module.ecs_cluster_back.aws_autoscaling_group.ecs_asg",
            "module.ecs_cluster_back.aws_launch_template.ecs_instance_template"
          ]
        }
      ]
    },
    {
      "module": "module.ecs_cluster_back",
      "mode": "managed",
      "type": "aws_ecs_cluster",
      "name": "ecs_cluster",
      "provider": "provider[\"registry.terraform.io/hashicorp/aws\"]",
      "instances": [
        {
          "schema_version": 0,
          "attributes": {
            "arn": "arn:aws:ecs:us-east-1:468406663760:cluster/BackCluster",
            "capacity_providers": [
              "back-capacity-provider"
            ],
            "configuration": [],
            "default_capacity_provider_strategy": [
              {
                "base": 1,
                "capacity_provider": "back-capacity-provider",
                "weight": 1
              }
            ],
            "id": "arn:aws:ecs:us-east-1:468406663760:cluster/BackCluster",
            "name": "BackCluster",
            "service_connect_defaults": [],
            "setting": [
              {
                "name": "containerInsights",
                "value": "disabled"
              }
            ],
            "tags": null,
            "tags_all": {}
          },
          "sensitive_attributes": [],
          "identity_schema_version": 0,
          "private": "bnVsbA==",
          "dependencies": [
            "data.aws_security_group.default_sec_grp",
            "data.aws_subnets.default_subnets",
            "data.aws_vpc.default_vpc",
            "module.ecs_cluster_back.aws_autoscaling_group.ecs_asg",
            "module.ecs_cluster_back.aws_ecs_capacity_provider.custom_cp",
            "module.ecs_cluster_back.aws_launch_template.ecs_instance_template"
          ]
        }
      ]
    },
    {
      "module": "module.ecs_cluster_back",
      "mode": "managed",
      "type": "aws_launch_template",
      "name": "ecs_instance_template",
      "provider": "provider[\"registry.terraform.io/hashicorp/aws\"]",
      "instances": [
        {
          "schema_version": 0,
          "attributes": {
            "arn": "arn:aws:ec2:us-east-1:468406663760:launch-template/lt-0a8c18c11c9ed0998",
            "block_device_mappings": [
              {
                "device_name": "/dev/xvda",
                "ebs": [
                  {
                    "delete_on_termination": "",
                    "encrypted": "",
                    "iops": 0,
                    "kms_key_id": "",
                    "snapshot_id": "",
                    "throughput": 0,
                    "volume_size": 30,
                    "volume_type": "gp2"
                  }
                ],
                "no_device": "",
                "virtual_name": ""
              }
            ],
            "capacity_reservation_specification": [],
            "cpu_options": [],
            "credit_specification": [],
            "default_version": 1,
            "description": "",
            "disable_api_stop": false,
            "disable_api_termination": false,
            "ebs_optimized": "",
            "elastic_gpu_specifications": [],
            "elastic_inference_accelerator": [],
            "enclave_options": [],
            "hibernation_options": [],
            "iam_instance_profile": [
              {
                "arn": "",
                "name": "LabInstanceProfile"
              }
            ],
            "id": "lt-0a8c18c11c9ed0998",
            "image_id": "ami-05712a2b73d4ebafb",
            "instance_initiated_shutdown_behavior": "",
            "instance_market_options": [],
            "instance_requirements": [],
            "instance_type": "t2.small",
            "kernel_id": "",
            "key_name": "vockey",
            "latest_version": 1,
            "license_specification": [],
            "maintenance_options": [],
            "metadata_options": [],
            "monitoring": [],
            "name": "ecs-launch-template-back20250518193047353700000003",
            "name_prefix": "ecs-launch-template-back",
            "network_interfaces": [
              {
                "associate_carrier_ip_address": "",
                "associate_public_ip_address": "true",
                "delete_on_termination": "true",
                "description": "",
                "device_index": 0,
                "interface_type": "",
                "ipv4_address_count": 0,
                "ipv4_addresses": null,
                "ipv4_prefix_count": 0,
                "ipv4_prefixes": null,
                "ipv6_address_count": 0,
                "ipv6_addresses": null,
                "ipv6_prefix_count": 0,
                "ipv6_prefixes": null,
                "network_card_index": 0,
                "network_interface_id": "",
                "private_ip_address": "",
                "security_groups": [
                  "sg-0c5821349a262256e"
                ],
                "subnet_id": ""
              }
            ],
            "placement": [],
            "private_dns_name_options": [],
            "ram_disk_id": "",
            "security_group_names": null,
            "tag_specifications": [],
            "tags": null,
            "tags_all": {},
            "update_default_version": null,
            "user_data": "IyEvYmluL2Jhc2gNCmVjaG8gIkVDU19DTFVTVEVSPUJhY2tDbHVzdGVyIiA+PiAvZXRjL2Vjcy9lY3MuY29uZmlnDQo=",
            "vpc_security_group_ids": null
          },
          "sensitive_attributes": [],
          "identity_schema_version": 0,
          "private": "bnVsbA==",
          "dependencies": [
            "data.aws_security_group.default_sec_grp"
          ]
        }
      ]
    },
    {
      "module": "module.ecs_cluster_front",
      "mode": "managed",
      "type": "aws_autoscaling_group",
      "name": "ecs_asg",
      "provider": "provider[\"registry.terraform.io/hashicorp/aws\"]",
      "instances": [
        {
          "schema_version": 0,
          "attributes": {
            "arn": "arn:aws:autoscaling:us-east-1:468406663760:autoScalingGroup:6d39697a-1a6b-4744-b399-b6e5a8d515c7:autoScalingGroupName/ecs-asg-front",
            "availability_zones": [
              "us-east-1a",
              "us-east-1b",
              "us-east-1c",
              "us-east-1d",
              "us-east-1e",
              "us-east-1f"
            ],
            "capacity_rebalance": false,
            "context": "",
            "default_cooldown": 300,
            "default_instance_warmup": 0,
            "desired_capacity": 1,
            "desired_capacity_type": "",
            "enabled_metrics": null,
            "force_delete": false,
            "force_delete_warm_pool": false,
            "health_check_grace_period": 300,
            "health_check_type": "EC2",
            "id": "ecs-asg-front",
            "initial_lifecycle_hook": [],
            "instance_refresh": [],
            "launch_configuration": "",
            "launch_template": [
              {
                "id": "lt-0b877f2b4cbaeb516",
                "name": "ecs-launch-template-front20250518193047354500000005",
                "version": "$Latest"
              }
            ],
            "load_balancers": null,
            "max_instance_lifetime": 0,
            "max_size": 1,
            "metrics_granularity": "1Minute",
            "min_elb_capacity": null,
            "min_size": 1,
            "mixed_instances_policy": [],
            "name": "ecs-asg-front",
            "name_prefix": "",
            "placement_group": "",
            "predicted_capacity": 0,
            "protect_from_scale_in": false,
            "service_linked_role_arn": "arn:aws:iam::468406663760:role/aws-service-role/autoscaling.amazonaws.com/AWSServiceRoleForAutoScaling",
            "suspended_processes": null,
            "tag": [
              {
                "key": "AmazonECSManaged",
                "propagate_at_launch": true,
                "value": ""
              },
              {
                "key": "Name",
                "propagate_at_launch": true,
                "value": "ecs-instance-front"
              }
            ],
            "tags": null,
            "target_group_arns": null,
            "termination_policies": null,
            "timeouts": null,
            "vpc_zone_identifier": [
              "subnet-0333991ee11a18146",
              "subnet-04ed53ae50ff51dea",
              "subnet-0bfc6c222a1e971cf",
              "subnet-0d6bbda4f4d0f6285",
              "subnet-0dfc47d4904958e09",
              "subnet-0f70e0e2a29b6e553"
            ],
            "wait_for_capacity_timeout": "10m",
            "wait_for_elb_capacity": null,
            "warm_pool": [],
            "warm_pool_size": 0
          },
          "sensitive_attributes": [],
          "identity_schema_version": 0,
          "private": "eyJlMmJmYjczMC1lY2FhLTExZTYtOGY4OC0zNDM2M2JjN2M0YzAiOnsiZGVsZXRlIjo2MDAwMDAwMDAwMDAsInVwZGF0ZSI6NjAwMDAwMDAwMDAwfX0=",
          "dependencies": [
            "data.aws_security_group.default_sec_grp",
            "data.aws_subnets.default_subnets",
            "data.aws_vpc.default_vpc",
            "module.ecs_cluster_front.aws_launch_template.ecs_instance_template"
          ]
        }
      ]
    },
    {
      "module": "module.ecs_cluster_front",
      "mode": "managed",
      "type": "aws_ecs_capacity_provider",
      "name": "custom_cp",
      "provider": "provider[\"registry.terraform.io/hashicorp/aws\"]",
      "instances": [
        {
          "schema_version": 0,
          "attributes": {
            "arn": "arn:aws:ecs:us-east-1:468406663760:capacity-provider/front-capacity-provider",
            "auto_scaling_group_provider": [
              {
                "auto_scaling_group_arn": "arn:aws:autoscaling:us-east-1:468406663760:autoScalingGroup:6d39697a-1a6b-4744-b399-b6e5a8d515c7:autoScalingGroupName/ecs-asg-front",
                "managed_scaling": [
                  {
                    "instance_warmup_period": 300,
                    "maximum_scaling_step_size": 10000,
                    "minimum_scaling_step_size": 1,
                    "status": "ENABLED",
                    "target_capacity": 100
                  }
                ],
                "managed_termination_protection": "DISABLED"
              }
            ],
            "id": "arn:aws:ecs:us-east-1:468406663760:capacity-provider/front-capacity-provider",
            "name": "front-capacity-provider",
            "tags": null,
            "tags_all": {}
          },
          "sensitive_attributes": [],
          "identity_schema_version": 0,
          "private": "bnVsbA==",
          "dependencies": [
            "data.aws_security_group.default_sec_grp",
            "data.aws_subnets.default_subnets",
            "data.aws_vpc.default_vpc",
            "module.ecs_cluster_front.aws_autoscaling_group.ecs_asg",
            "module.ecs_cluster_front.aws_launch_template.ecs_instance_template"
          ]
        }
      ]
    },
    {
      "module": "module.ecs_cluster_front",
      "mode": "managed",
      "type": "aws_ecs_cluster",
      "name": "ecs_cluster",
      "provider": "provider[\"registry.terraform.io/hashicorp/aws\"]",
      "instances": [
        {
          "schema_version": 0,
          "attributes": {
            "arn": "arn:aws:ecs:us-east-1:468406663760:cluster/FrontCluster",
            "capacity_providers": [
              "front-capacity-provider"
            ],
            "configuration": [],
            "default_capacity_provider_strategy": [
              {
                "base": 1,
                "capacity_provider": "front-capacity-provider",
                "weight": 1
              }
            ],
            "id": "arn:aws:ecs:us-east-1:468406663760:cluster/FrontCluster",
            "name": "FrontCluster",
            "service_connect_defaults": [],
            "setting": [
              {
                "name": "containerInsights",
                "value": "disabled"
              }
            ],
            "tags": null,
            "tags_all": {}
          },
          "sensitive_attributes": [],
          "identity_schema_version": 0,
          "private": "bnVsbA==",
          "dependencies": [
            "data.aws_security_group.default_sec_grp",
            "data.aws_subnets.default_subnets",
            "data.aws_vpc.default_vpc",
            "module.ecs_cluster_front.aws_autoscaling_group.ecs_asg",
            "module.ecs_cluster_front.aws_ecs_capacity_provider.custom_cp",
            "module.ecs_cluster_front.aws_launch_template.ecs_instance_template"
          ]
        }
      ]
    },
    {
      "module": "module.ecs_cluster_front",
      "mode": "managed",
      "type": "aws_launch_template",
      "name": "ecs_instance_template",
      "provider": "provider[\"registry.terraform.io/hashicorp/aws\"]",
      "instances": [
        {
          "schema_version": 0,
          "attributes": {
            "arn": "arn:aws:ec2:us-east-1:468406663760:launch-template/lt-0b877f2b4cbaeb516",
            "block_device_mappings": [
              {
                "device_name": "/dev/xvda",
                "ebs": [
                  {
                    "delete_on_termination": "",
                    "encrypted": "",
                    "iops": 0,
                    "kms_key_id": "",
                    "snapshot_id": "",
                    "throughput": 0,
                    "volume_size": 30,
                    "volume_type": "gp2"
                  }
                ],
                "no_device": "",
                "virtual_name": ""
              }
            ],
            "capacity_reservation_specification": [],
            "cpu_options": [],
            "credit_specification": [],
            "default_version": 1,
            "description": "",
            "disable_api_stop": false,
            "disable_api_termination": false,
            "ebs_optimized": "",
            "elastic_gpu_specifications": [],
            "elastic_inference_accelerator": [],
            "enclave_options": [],
            "hibernation_options": [],
            "iam_instance_profile": [
              {
                "arn": "",
                "name": "LabInstanceProfile"
              }
            ],
            "id": "lt-0b877f2b4cbaeb516",
            "image_id": "ami-05712a2b73d4ebafb",
            "instance_initiated_shutdown_behavior": "",
            "instance_market_options": [],
            "instance_requirements": [],
            "instance_type": "t2.small",
            "kernel_id": "",
            "key_name": "vockey",
            "latest_version": 1,
            "license_specification": [],
            "maintenance_options": [],
            "metadata_options": [],
            "monitoring": [],
            "name": "ecs-launch-template-front20250518193047354500000005",
            "name_prefix": "ecs-launch-template-front",
            "network_interfaces": [
              {
                "associate_carrier_ip_address": "",
                "associate_public_ip_address": "true",
                "delete_on_termination": "true",
                "description": "",
                "device_index": 0,
                "interface_type": "",
                "ipv4_address_count": 0,
                "ipv4_addresses": null,
                "ipv4_prefix_count": 0,
                "ipv4_prefixes": null,
                "ipv6_address_count": 0,
                "ipv6_addresses": null,
                "ipv6_prefix_count": 0,
                "ipv6_prefixes": null,
                "network_card_index": 0,
                "network_interface_id": "",
                "private_ip_address": "",
                "security_groups": [
                  "sg-0c5821349a262256e"
                ],
                "subnet_id": ""
              }
            ],
            "placement": [],
            "private_dns_name_options": [],
            "ram_disk_id": "",
            "security_group_names": null,
            "tag_specifications": [],
            "tags": null,
            "tags_all": {},
            "update_default_version": null,
            "user_data": "IyEvYmluL2Jhc2gNCmVjaG8gIkVDU19DTFVTVEVSPUZyb250Q2x1c3RlciIgPj4gL2V0Yy9lY3MvZWNzLmNvbmZpZw0K",
            "vpc_security_group_ids": null
          },
          "sensitive_attributes": [],
          "identity_schema_version": 0,
          "private": "bnVsbA==",
          "dependencies": [
            "data.aws_security_group.default_sec_grp"
          ]
        }
      ]
    },
    {
      "module": "module.ecs_cluster_kong",
      "mode": "managed",
      "type": "aws_autoscaling_group",
      "name": "ecs_asg",
      "provider": "provider[\"registry.terraform.io/hashicorp/aws\"]",
      "instances": [
        {
          "schema_version": 0,
          "attributes": {
            "arn": "arn:aws:autoscaling:us-east-1:468406663760:autoScalingGroup:66152ec6-22f8-47ce-9215-72f537f32bf6:autoScalingGroupName/ecs-asg-kong",
            "availability_zones": [
              "us-east-1a",
              "us-east-1b",
              "us-east-1c",
              "us-east-1d",
              "us-east-1e",
              "us-east-1f"
            ],
            "capacity_rebalance": false,
            "context": "",
            "default_cooldown": 300,
            "default_instance_warmup": 0,
            "desired_capacity": 1,
            "desired_capacity_type": "",
            "enabled_metrics": null,
            "force_delete": false,
            "force_delete_warm_pool": false,
            "health_check_grace_period": 300,
            "health_check_type": "EC2",
            "id": "ecs-asg-kong",
            "initial_lifecycle_hook": [],
            "instance_refresh": [],
            "launch_configuration": "",
            "launch_template": [
              {
                "id": "lt-048a99136421ce8c8",
                "name": "ecs-launch-template-kong20250518193047353700000001",
                "version": "$Latest"
              }
            ],
            "load_balancers": null,
            "max_instance_lifetime": 0,
            "max_size": 1,
            "metrics_granularity": "1Minute",
            "min_elb_capacity": null,
            "min_size": 1,
            "mixed_instances_policy": [],
            "name": "ecs-asg-kong",
            "name_prefix": "",
            "placement_group": "",
            "predicted_capacity": 0,
            "protect_from_scale_in": false,
            "service_linked_role_arn": "arn:aws:iam::468406663760:role/aws-service-role/autoscaling.amazonaws.com/AWSServiceRoleForAutoScaling",
            "suspended_processes": null,
            "tag": [
              {
                "key": "AmazonECSManaged",
                "propagate_at_launch": true,
                "value": ""
              },
              {
                "key": "Name",
                "propagate_at_launch": true,
                "value": "ecs-instance-kong"
              }
            ],
            "tags": null,
            "target_group_arns": null,
            "termination_policies": null,
            "timeouts": null,
            "vpc_zone_identifier": [
              "subnet-0333991ee11a18146",
              "subnet-04ed53ae50ff51dea",
              "subnet-0bfc6c222a1e971cf",
              "subnet-0d6bbda4f4d0f6285",
              "subnet-0dfc47d4904958e09",
              "subnet-0f70e0e2a29b6e553"
            ],
            "wait_for_capacity_timeout": "10m",
            "wait_for_elb_capacity": null,
            "warm_pool": [],
            "warm_pool_size": 0
          },
          "sensitive_attributes": [],
          "identity_schema_version": 0,
          "private": "eyJlMmJmYjczMC1lY2FhLTExZTYtOGY4OC0zNDM2M2JjN2M0YzAiOnsiZGVsZXRlIjo2MDAwMDAwMDAwMDAsInVwZGF0ZSI6NjAwMDAwMDAwMDAwfX0=",
          "dependencies": [
            "data.aws_security_group.default_sec_grp",
            "data.aws_subnets.default_subnets",
            "data.aws_vpc.default_vpc",
            "module.ecs_cluster_kong.aws_launch_template.ecs_instance_template"
          ]
        }
      ]
    },
    {
      "module": "module.ecs_cluster_kong",
      "mode": "managed",
      "type": "aws_ecs_capacity_provider",
      "name": "custom_cp",
      "provider": "provider[\"registry.terraform.io/hashicorp/aws\"]",
      "instances": [
        {
          "schema_version": 0,
          "attributes": {
            "arn": "arn:aws:ecs:us-east-1:468406663760:capacity-provider/kong-capacity-provider",
            "auto_scaling_group_provider": [
              {
                "auto_scaling_group_arn": "arn:aws:autoscaling:us-east-1:468406663760:autoScalingGroup:66152ec6-22f8-47ce-9215-72f537f32bf6:autoScalingGroupName/ecs-asg-kong",
                "managed_scaling": [
                  {
                    "instance_warmup_period": 300,
                    "maximum_scaling_step_size": 10000,
                    "minimum_scaling_step_size": 1,
                    "status": "ENABLED",
                    "target_capacity": 100
                  }
                ],
                "managed_termination_protection": "DISABLED"
              }
            ],
            "id": "arn:aws:ecs:us-east-1:468406663760:capacity-provider/kong-capacity-provider",
            "name": "kong-capacity-provider",
            "tags": null,
            "tags_all": {}
          },
          "sensitive_attributes": [],
          "identity_schema_version": 0,
          "private": "bnVsbA==",
          "dependencies": [
            "data.aws_security_group.default_sec_grp",
            "data.aws_subnets.default_subnets",
            "data.aws_vpc.default_vpc",
            "module.ecs_cluster_kong.aws_autoscaling_group.ecs_asg",
            "module.ecs_cluster_kong.aws_launch_template.ecs_instance_template"
          ]
        }
      ]
    },
    {
      "module": "module.ecs_cluster_kong",
      "mode": "managed",
      "type": "aws_ecs_cluster",
      "name": "ecs_cluster",
      "provider": "provider[\"registry.terraform.io/hashicorp/aws\"]",
      "instances": [
        {
          "schema_version": 0,
          "attributes": {
            "arn": "arn:aws:ecs:us-east-1:468406663760:cluster/KongCluster",
            "capacity_providers": [
              "kong-capacity-provider"
            ],
            "configuration": [],
            "default_capacity_provider_strategy": [
              {
                "base": 1,
                "capacity_provider": "kong-capacity-provider",
                "weight": 1
              }
            ],
            "id": "arn:aws:ecs:us-east-1:468406663760:cluster/KongCluster",
            "name": "KongCluster",
            "service_connect_defaults": [],
            "setting": [
              {
                "name": "containerInsights",
                "value": "disabled"
              }
            ],
            "tags": null,
            "tags_all": {}
          },
          "sensitive_attributes": [],
          "identity_schema_version": 0,
          "private": "bnVsbA==",
          "dependencies": [
            "data.aws_security_group.default_sec_grp",
            "data.aws_subnets.default_subnets",
            "data.aws_vpc.default_vpc",
            "module.ecs_cluster_kong.aws_autoscaling_group.ecs_asg",
            "module.ecs_cluster_kong.aws_ecs_capacity_provider.custom_cp",
            "module.ecs_cluster_kong.aws_launch_template.ecs_instance_template"
          ]
        }
      ]
    },
    {
      "module": "module.ecs_cluster_kong",
      "mode": "managed",
      "type": "aws_launch_template",
      "name": "ecs_instance_template",
      "provider": "provider[\"registry.terraform.io/hashicorp/aws\"]",
      "instances": [
        {
          "schema_version": 0,
          "attributes": {
            "arn": "arn:aws:ec2:us-east-1:468406663760:launch-template/lt-048a99136421ce8c8",
            "block_device_mappings": [
              {
                "device_name": "/dev/xvda",
                "ebs": [
                  {
                    "delete_on_termination": "",
                    "encrypted": "",
                    "iops": 0,
                    "kms_key_id": "",
                    "snapshot_id": "",
                    "throughput": 0,
                    "volume_size": 30,
                    "volume_type": "gp2"
                  }
                ],
                "no_device": "",
                "virtual_name": ""
              }
            ],
            "capacity_reservation_specification": [],
            "cpu_options": [],
            "credit_specification": [],
            "default_version": 1,
            "description": "",
            "disable_api_stop": false,
            "disable_api_termination": false,
            "ebs_optimized": "",
            "elastic_gpu_specifications": [],
            "elastic_inference_accelerator": [],
            "enclave_options": [],
            "hibernation_options": [],
            "iam_instance_profile": [
              {
                "arn": "",
                "name": "LabInstanceProfile"
              }
            ],
            "id": "lt-048a99136421ce8c8",
            "image_id": "ami-05712a2b73d4ebafb",
            "instance_initiated_shutdown_behavior": "",
            "instance_market_options": [],
            "instance_requirements": [],
            "instance_type": "t2.small",
            "kernel_id": "",
            "key_name": "vockey",
            "latest_version": 1,
            "license_specification": [],
            "maintenance_options": [],
            "metadata_options": [],
            "monitoring": [],
            "name": "ecs-launch-template-kong20250518193047353700000001",
            "name_prefix": "ecs-launch-template-kong",
            "network_interfaces": [
              {
                "associate_carrier_ip_address": "",
                "associate_public_ip_address": "true",
                "delete_on_termination": "true",
                "description": "",
                "device_index": 0,
                "interface_type": "",
                "ipv4_address_count": 0,
                "ipv4_addresses": null,
                "ipv4_prefix_count": 0,
                "ipv4_prefixes": null,
                "ipv6_address_count": 0,
                "ipv6_addresses": null,
                "ipv6_prefix_count": 0,
                "ipv6_prefixes": null,
                "network_card_index": 0,
                "network_interface_id": "",
                "private_ip_address": "",
                "security_groups": [
                  "sg-0c5821349a262256e"
                ],
                "subnet_id": ""
              }
            ],
            "placement": [],
            "private_dns_name_options": [],
            "ram_disk_id": "",
            "security_group_names": null,
            "tag_specifications": [],
            "tags": null,
            "tags_all": {},
            "update_default_version": null,
            "user_data": "IyEvYmluL2Jhc2gNCmVjaG8gIkVDU19DTFVTVEVSPUtvbmdDbHVzdGVyIiA+PiAvZXRjL2Vjcy9lY3MuY29uZmlnDQo=",
            "vpc_security_group_ids": null
          },
          "sensitive_attributes": [],
          "identity_schema_version": 0,
          "private": "bnVsbA==",
          "dependencies": [
            "data.aws_security_group.default_sec_grp"
          ]
        }
      ]
    }
  ],
  "check_results": null
}
