{
  "version": 4,
  "terraform_version": "1.12.0",
  "serial": 70,
  "lineage": "6d9d71a3-9408-7eb6-8c4a-ecbf738687ad",
  "outputs": {},
  "resources": [
    {
      "mode": "data",
      "type": "aws_iam_role",
      "name": "labrole",
      "provider": "provider[\"registry.terraform.io/hashicorp/aws\"]",
      "instances": [
        {
          "schema_version": 0,
          "attributes": {
            "arn": "arn:aws:iam::468406663760:role/LabRole",
            "assume_role_policy": "{\"Version\":\"2012-10-17\",\"Statement\":[{\"Effect\":\"Allow\",\"Principal\":{\"Service\":[\"eks.amazonaws.com\",\"logs.amazonaws.com\",\"credentials.iot.amazonaws.com\",\"glue.amazonaws.com\",\"ec2.amazonaws.com\",\"codewhisperer.amazonaws.com\",\"codedeploy.amazonaws.com\",\"sqs.amazonaws.com\",\"athena.amazonaws.com\",\"iotevents.amazonaws.com\",\"cloudtrail.amazonaws.com\",\"codecommit.amazonaws.com\",\"application-autoscaling.amazonaws.com\",\"rekognition.amazonaws.com\",\"ssm.amazonaws.com\",\"kms.amazonaws.com\",\"dynamodb.amazonaws.com\",\"elasticloadbalancing.amazonaws.com\",\"ecs.amazonaws.com\",\"elasticfilesystem.amazonaws.com\",\"cloudformation.amazonaws.com\",\"ec2.application-autoscaling.amazonaws.com\",\"sagemaker.amazonaws.com\",\"secretsmanager.amazonaws.com\",\"kinesis.amazonaws.com\",\"iotanalytics.amazonaws.com\",\"redshift.amazonaws.com\",\"sns.amazonaws.com\",\"s3.amazonaws.com\",\"databrew.amazonaws.com\",\"forecast.amazonaws.com\",\"backup.amazonaws.com\",\"eks-fargate-pods.amazonaws.com\",\"deepracer.amazonaws.com\",\"cognito-idp.amazonaws.com\",\"kinesisanalytics.amazonaws.com\",\"rds.amazonaws.com\",\"events.amazonaws.com\",\"apigateway.amazonaws.com\",\"elasticmapreduce.amazonaws.com\",\"firehose.amazonaws.com\",\"lambda.amazonaws.com\",\"iot.amazonaws.com\",\"resource-groups.amazonaws.com\",\"elasticbeanstalk.amazonaws.com\",\"autoscaling.amazonaws.com\",\"states.amazonaws.com\",\"servicecatalog.amazonaws.com\",\"pipes.amazonaws.com\",\"batch.amazonaws.com\",\"ecs-tasks.amazonaws.com\",\"cloud9.amazonaws.com\",\"scheduler.amazonaws.com\"],\"AWS\":\"arn:aws:iam::468406663760:role/LabRole\"},\"Action\":\"sts:AssumeRole\"}]}",
            "create_date": "2025-05-14T15:55:47Z",
            "description": "",
            "id": "LabRole",
            "max_session_duration": 3600,
            "name": "LabRole",
            "path": "/",
            "permissions_boundary": "",
            "role_last_used": [
              {
                "last_used_date": "2025-05-18T19:23:28Z",
                "region": "us-east-1"
              }
            ],
            "tags": {
              "cloudlab": "c156880a4028103l10298986t1w468406663760"
            },
            "unique_id": "AROAW2DZWPJILGS6G2I2R"
          },
          "sensitive_attributes": [],
          "identity_schema_version": 0
        }
      ]
    },
    {
      "mode": "data",
      "type": "aws_security_group",
      "name": "default_sec_grp",
      "provider": "provider[\"registry.terraform.io/hashicorp/aws\"]",
      "instances": [
        {
          "schema_version": 0,
          "attributes": {
            "arn": "arn:aws:ec2:us-east-1:468406663760:security-group/sg-0c5821349a262256e",
            "description": "default VPC security group",
            "filter": null,
            "id": "sg-0c5821349a262256e",
            "name": "default",
            "tags": {
              "Name": "default-sg"
            },
            "timeouts": null,
            "vpc_id": "vpc-0c1080e22e4127001"
          },
          "sensitive_attributes": [],
          "identity_schema_version": 0
        }
      ]
    },
    {
      "mode": "data",
      "type": "aws_subnets",
      "name": "default_subnets",
      "provider": "provider[\"registry.terraform.io/hashicorp/aws\"]",
      "instances": [
        {
          "schema_version": 0,
          "attributes": {
            "filter": [
              {
                "name": "vpc-id",
                "values": [
                  "vpc-0c1080e22e4127001"
                ]
              }
            ],
            "id": "us-east-1",
            "ids": [
              "subnet-0dfc47d4904958e09",
              "subnet-0333991ee11a18146",
              "subnet-0bfc6c222a1e971cf",
              "subnet-04ed53ae50ff51dea",
              "subnet-0f70e0e2a29b6e553",
              "subnet-0d6bbda4f4d0f6285"
            ],
            "tags": null,
            "timeouts": null
          },
          "sensitive_attributes": [],
          "identity_schema_version": 0
        }
      ]
    },
    {
      "mode": "data",
      "type": "aws_vpc",
      "name": "default_vpc",
      "provider": "provider[\"registry.terraform.io/hashicorp/aws\"]",
      "instances": [
        {
          "schema_version": 0,
          "attributes": {
            "arn": "arn:aws:ec2:us-east-1:468406663760:vpc/vpc-0c1080e22e4127001",
            "cidr_block": "172.31.0.0/16",
            "cidr_block_associations": [
              {
                "association_id": "vpc-cidr-assoc-0c2b3fedc86dcf06a",
                "cidr_block": "172.31.0.0/16",
                "state": "associated"
              }
            ],
            "default": true,
            "dhcp_options_id": "dopt-0c70fdfcd99f13bdd",
            "enable_dns_hostnames": true,
            "enable_dns_support": true,
            "enable_network_address_usage_metrics": false,
            "filter": null,
            "id": "vpc-0c1080e22e4127001",
            "instance_tenancy": "default",
            "ipv6_association_id": "",
            "ipv6_cidr_block": "",
            "main_route_table_id": "rtb-06edbf7d184bb2fc9",
            "owner_id": "468406663760",
            "state": null,
            "tags": {},
            "timeouts": null
          },
          "sensitive_attributes": [],
          "identity_schema_version": 0
        }
      ]
    },
    {
      "module": "module.task_back",
      "mode": "managed",
      "type": "aws_ecs_task_definition",
      "name": "task_custom",
      "provider": "provider[\"registry.terraform.io/hashicorp/aws\"]",
      "instances": [
        {
          "schema_version": 1,
          "attributes": {
            "arn": "arn:aws:ecs:us-east-1:468406663760:task-definition/back-task:9",
            "arn_without_revision": "arn:aws:ecs:us-east-1:468406663760:task-definition/back-task",
            "container_definitions": "[{\"cpu\":0,\"environment\":[],\"essential\":true,\"image\":\"468406663760.dkr.ecr.us-east-1.amazonaws.com/carlos/repo:back-latest\",\"logConfiguration\":{\"logDriver\":\"awslogs\",\"options\":{\"awslogs-group\":\"/ecs\",\"awslogs-region\":\"us-east-1\",\"awslogs-stream-prefix\":\"ecs\"}},\"mountPoints\":[],\"name\":\"back-container\",\"portMappings\":[{\"containerPort\":8080,\"hostPort\":8080,\"protocol\":\"tcp\"}],\"systemControls\":[],\"volumesFrom\":[]}]",
            "cpu": "850",
            "ephemeral_storage": [],
            "execution_role_arn": "arn:aws:iam::468406663760:role/LabRole",
            "family": "back-task",
            "id": "back-task",
            "inference_accelerator": [],
            "ipc_mode": "",
            "memory": "850",
            "network_mode": "awsvpc",
            "pid_mode": "",
            "placement_constraints": [],
            "proxy_configuration": [],
            "requires_compatibilities": [
              "EC2"
            ],
            "revision": 9,
            "runtime_platform": [],
            "skip_destroy": false,
            "tags": {},
            "tags_all": {},
            "task_role_arn": "arn:aws:iam::468406663760:role/LabRole",
            "volume": []
          },
          "sensitive_attributes": [],
          "identity_schema_version": 0,
          "private": "eyJzY2hlbWFfdmVyc2lvbiI6IjEifQ==",
          "dependencies": [
            "data.aws_iam_role.labrole"
          ],
          "create_before_destroy": true
        }
      ]
    },
    {
      "module": "module.task_front",
      "mode": "managed",
      "type": "aws_ecs_task_definition",
      "name": "task_custom",
      "provider": "provider[\"registry.terraform.io/hashicorp/aws\"]",
      "instances": [
        {
          "schema_version": 1,
          "attributes": {
            "arn": "arn:aws:ecs:us-east-1:468406663760:task-definition/front-task:8",
            "arn_without_revision": "arn:aws:ecs:us-east-1:468406663760:task-definition/front-task",
            "container_definitions": "[{\"cpu\":0,\"environment\":[],\"essential\":true,\"image\":\"468406663760.dkr.ecr.us-east-1.amazonaws.com/carlos/repo:front-latest\",\"logConfiguration\":{\"logDriver\":\"awslogs\",\"options\":{\"awslogs-group\":\"/ecs\",\"awslogs-region\":\"us-east-1\",\"awslogs-stream-prefix\":\"ecs\"}},\"mountPoints\":[],\"name\":\"front-container\",\"portMappings\":[{\"containerPort\":4200,\"hostPort\":4200,\"protocol\":\"tcp\"}],\"systemControls\":[],\"volumesFrom\":[]}]",
            "cpu": "850",
            "ephemeral_storage": [],
            "execution_role_arn": "arn:aws:iam::468406663760:role/LabRole",
            "family": "front-task",
            "id": "front-task",
            "inference_accelerator": [],
            "ipc_mode": "",
            "memory": "850",
            "network_mode": "awsvpc",
            "pid_mode": "",
            "placement_constraints": [],
            "proxy_configuration": [],
            "requires_compatibilities": [
              "EC2"
            ],
            "revision": 8,
            "runtime_platform": [],
            "skip_destroy": false,
            "tags": {},
            "tags_all": {},
            "task_role_arn": "arn:aws:iam::468406663760:role/LabRole",
            "volume": []
          },
          "sensitive_attributes": [],
          "identity_schema_version": 0,
          "private": "eyJzY2hlbWFfdmVyc2lvbiI6IjEifQ==",
          "dependencies": [
            "data.aws_iam_role.labrole"
          ],
          "create_before_destroy": true
        }
      ]
    },
    {
      "module": "module.task_kong",
      "mode": "managed",
      "type": "aws_ecs_task_definition",
      "name": "task_kong",
      "provider": "provider[\"registry.terraform.io/hashicorp/aws\"]",
      "instances": [
        {
          "schema_version": 1,
          "attributes": {
            "arn": "arn:aws:ecs:us-east-1:468406663760:task-definition/kong-task:9",
            "arn_without_revision": "arn:aws:ecs:us-east-1:468406663760:task-definition/kong-task",
            "container_definitions": "[{\"cpu\":0,\"environment\":[{\"name\":\"POSTGRES_DB\",\"value\":\"kong\"},{\"name\":\"POSTGRES_PASSWORD\",\"value\":\"kong\"},{\"name\":\"POSTGRES_USER\",\"value\":\"kong\"}],\"essential\":true,\"image\":\"postgres:13-alpine\",\"logConfiguration\":{\"logDriver\":\"awslogs\",\"options\":{\"awslogs-group\":\"/ecs\",\"awslogs-region\":\"us-east-1\",\"awslogs-stream-prefix\":\"ecs\"}},\"mountPoints\":[],\"name\":\"db\",\"portMappings\":[{\"containerPort\":5432,\"hostPort\":5432,\"protocol\":\"tcp\"}],\"systemControls\":[],\"volumesFrom\":[]},{\"cpu\":0,\"dependsOn\":[{\"condition\":\"START\",\"containerName\":\"db\"}],\"environment\":[],\"essential\":true,\"image\":\"468406663760.dkr.ecr.us-east-1.amazonaws.com/carlos/repo:kong-latest\",\"logConfiguration\":{\"logDriver\":\"awslogs\",\"options\":{\"awslogs-group\":\"/ecs\",\"awslogs-region\":\"us-east-1\",\"awslogs-stream-prefix\":\"ecs\"}},\"mountPoints\":[],\"name\":\"kong-container\",\"portMappings\":[{\"containerPort\":8000,\"hostPort\":8000,\"protocol\":\"tcp\"}],\"systemControls\":[],\"volumesFrom\":[]}]",
            "cpu": "850",
            "ephemeral_storage": [],
            "execution_role_arn": "arn:aws:iam::468406663760:role/LabRole",
            "family": "kong-task",
            "id": "kong-task",
            "inference_accelerator": [],
            "ipc_mode": "",
            "memory": "850",
            "network_mode": "awsvpc",
            "pid_mode": "",
            "placement_constraints": [],
            "proxy_configuration": [],
            "requires_compatibilities": [
              "EC2"
            ],
            "revision": 9,
            "runtime_platform": [],
            "skip_destroy": false,
            "tags": null,
            "tags_all": {},
            "task_role_arn": "arn:aws:iam::468406663760:role/LabRole",
            "volume": []
          },
          "sensitive_attributes": [],
          "identity_schema_version": 0,
          "private": "eyJzY2hlbWFfdmVyc2lvbiI6IjEifQ==",
          "dependencies": [
            "data.aws_iam_role.labrole"
          ],
          "create_before_destroy": true
        }
      ]
    }
  ],
  "check_results": null
}
