
Microsoft Visual Studio Solution File, Format Version 12.00
# Visual Studio Version 16
VisualStudioVersion = 16.0.35731.53
MinimumVisualStudioVersion = 10.0.40219.1
Project("{FAE04EC0-301F-11D3-BF4B-00C04F79EFBC}") = "BackEndProyectoVotacion", "BackEndProyectoVotacion.csproj", "{DACB8ABE-A3F3-4735-B01A-09D53D078E22}"
EndProject
Global
	GlobalSection(SolutionConfigurationPlatforms) = preSolution
		Debug|Any CPU = Debug|Any CPU
		Release|Any CPU = Release|Any CPU
	EndGlobalSection
	GlobalSection(ProjectConfigurationPlatforms) = postSolution
		{DACB8ABE-A3F3-4735-B01A-09D53D078E22}.Debug|Any CPU.ActiveCfg = Debug|Any CPU
		{DACB8ABE-A3F3-4735-B01A-09D53D078E22}.Debug|Any CPU.Build.0 = Debug|Any CPU
		{DACB8ABE-A3F3-4735-B01A-09D53D078E22}.Release|Any CPU.ActiveCfg = Release|Any CPU
		{DACB8ABE-A3F3-4735-B01A-09D53D078E22}.Release|Any CPU.Build.0 = Release|Any CPU
	EndGlobalSection
	GlobalSection(SolutionProperties) = preSolution
		HideSolutionNode = FALSE
	EndGlobalSection
	GlobalSection(ExtensibilityGlobals) = postSolution
		SolutionGuid = {DF83C42F-ADAC-4261-A58F-95427073A4A6}
	EndGlobalSection
EndGlobal
